
Microsoft Visual Studio Solution File, Format Version 12.00
Project("{FAE04EC0-301F-11D3-BF4B-00C04F79EFBC}") = "FTGO.OrderService.API", "FTGO.OrderService.API\FTGO.OrderService.API.csproj", "{736E58FE-090B-406D-A343-7BA6F96DCA49}"
EndProject
Project("{2150E333-8FDC-42A3-9474-1A3956D46DE8}") = "src", "src", "{0610A352-D40A-4EE3-ABE6-7E4FBD2788AB}"
EndProject
Project("{2150E333-8FDC-42A3-9474-1A3956D46DE8}") = "tests", "tests", "{92796556-E35A-4CCE-992A-C044F17AB83F}"
EndProject
Project("{2150E333-8FDC-42A3-9474-1A3956D46DE8}") = "FTGO.OrderService", "FTGO.OrderService", "{EE081B8B-FC78-4BC4-8FF8-55F5058EB69E}"
EndProject
Project("{2150E333-8FDC-42A3-9474-1A3956D46DE8}") = "FTGO.OrderServiceTests", "FTGO.OrderServiceTests", "{6B24CC11-7DD8-453E-A61F-8DC27815B493}"
EndProject
Project("{FAE04EC0-301F-11D3-BF4B-00C04F79EFBC}") = "FTGO.OrderServiceTests", "FTGO.OrderServiceTests\FTGO.OrderServiceTests.csproj", "{28F83758-0EDD-4AD1-8385-4B1FD80C33AA}"
EndProject
Project("{FAE04EC0-301F-11D3-BF4B-00C04F79EFBC}") = "FTGO.OrderService.Infrastructure", "FTGO.OrderService.Infrastructure\FTGO.OrderService.Infrastructure.csproj", "{47DAFE3A-6962-439A-8BE5-0507D62119E0}"
EndProject
Project("{FAE04EC0-301F-11D3-BF4B-00C04F79EFBC}") = "FTGO.OrderService.Domain", "FTGO.OrderService.Domain\FTGO.OrderService.Domain.csproj", "{409B2E83-6096-429E-ACC5-ABFB9A2C1B28}"
EndProject
Project("{FAE04EC0-301F-11D3-BF4B-00C04F79EFBC}") = "FTGO.OrderService.Application", "FTGO.OrderService.Application\FTGO.OrderService.Application.csproj", "{7CC70481-3C6D-4C8D-A0D8-CA08B63CFB8E}"
EndProject
Global
	GlobalSection(SolutionConfigurationPlatforms) = preSolution
		Debug|Any CPU = Debug|Any CPU
		Release|Any CPU = Release|Any CPU
	EndGlobalSection
	GlobalSection(ProjectConfigurationPlatforms) = postSolution
		{736E58FE-090B-406D-A343-7BA6F96DCA49}.Debug|Any CPU.ActiveCfg = Debug|Any CPU
		{736E58FE-090B-406D-A343-7BA6F96DCA49}.Debug|Any CPU.Build.0 = Debug|Any CPU
		{736E58FE-090B-406D-A343-7BA6F96DCA49}.Release|Any CPU.ActiveCfg = Release|Any CPU
		{736E58FE-090B-406D-A343-7BA6F96DCA49}.Release|Any CPU.Build.0 = Release|Any CPU
		{28F83758-0EDD-4AD1-8385-4B1FD80C33AA}.Debug|Any CPU.ActiveCfg = Debug|Any CPU
		{28F83758-0EDD-4AD1-8385-4B1FD80C33AA}.Debug|Any CPU.Build.0 = Debug|Any CPU
		{28F83758-0EDD-4AD1-8385-4B1FD80C33AA}.Release|Any CPU.ActiveCfg = Release|Any CPU
		{28F83758-0EDD-4AD1-8385-4B1FD80C33AA}.Release|Any CPU.Build.0 = Release|Any CPU
		{47DAFE3A-6962-439A-8BE5-0507D62119E0}.Debug|Any CPU.ActiveCfg = Debug|Any CPU
		{47DAFE3A-6962-439A-8BE5-0507D62119E0}.Debug|Any CPU.Build.0 = Debug|Any CPU
		{47DAFE3A-6962-439A-8BE5-0507D62119E0}.Release|Any CPU.ActiveCfg = Release|Any CPU
		{47DAFE3A-6962-439A-8BE5-0507D62119E0}.Release|Any CPU.Build.0 = Release|Any CPU
		{409B2E83-6096-429E-ACC5-ABFB9A2C1B28}.Debug|Any CPU.ActiveCfg = Debug|Any CPU
		{409B2E83-6096-429E-ACC5-ABFB9A2C1B28}.Debug|Any CPU.Build.0 = Debug|Any CPU
		{409B2E83-6096-429E-ACC5-ABFB9A2C1B28}.Release|Any CPU.ActiveCfg = Release|Any CPU
		{409B2E83-6096-429E-ACC5-ABFB9A2C1B28}.Release|Any CPU.Build.0 = Release|Any CPU
		{7CC70481-3C6D-4C8D-A0D8-CA08B63CFB8E}.Debug|Any CPU.ActiveCfg = Debug|Any CPU
		{7CC70481-3C6D-4C8D-A0D8-CA08B63CFB8E}.Debug|Any CPU.Build.0 = Debug|Any CPU
		{7CC70481-3C6D-4C8D-A0D8-CA08B63CFB8E}.Release|Any CPU.ActiveCfg = Release|Any CPU
		{7CC70481-3C6D-4C8D-A0D8-CA08B63CFB8E}.Release|Any CPU.Build.0 = Release|Any CPU
	EndGlobalSection
	GlobalSection(NestedProjects) = preSolution
		{EE081B8B-FC78-4BC4-8FF8-55F5058EB69E} = {0610A352-D40A-4EE3-ABE6-7E4FBD2788AB}
		{736E58FE-090B-406D-A343-7BA6F96DCA49} = {EE081B8B-FC78-4BC4-8FF8-55F5058EB69E}
		{6B24CC11-7DD8-453E-A61F-8DC27815B493} = {92796556-E35A-4CCE-992A-C044F17AB83F}
		{28F83758-0EDD-4AD1-8385-4B1FD80C33AA} = {6B24CC11-7DD8-453E-A61F-8DC27815B493}
		{47DAFE3A-6962-439A-8BE5-0507D62119E0} = {EE081B8B-FC78-4BC4-8FF8-55F5058EB69E}
		{409B2E83-6096-429E-ACC5-ABFB9A2C1B28} = {EE081B8B-FC78-4BC4-8FF8-55F5058EB69E}
		{7CC70481-3C6D-4C8D-A0D8-CA08B63CFB8E} = {EE081B8B-FC78-4BC4-8FF8-55F5058EB69E}
	EndGlobalSection
EndGlobal
