
Microsoft Visual Studio Solution File, Format Version 12.00
Project("{FAE04EC0-301F-11D3-BF4B-00C04F79EFBC}") = "FTGO.OrderService.API", "FTGO.OrderService.API\FTGO.OrderService.API.csproj", "{736E58FE-090B-406D-A343-7BA6F96DCA49}"
EndProject
Project("{2150E333-8FDC-42A3-9474-1A3956D46DE8}") = "src", "src", "{0610A352-D40A-4EE3-ABE6-7E4FBD2788AB}"
EndProject
Project("{2150E333-8FDC-42A3-9474-1A3956D46DE8}") = "tests", "tests", "{92796556-E35A-4CCE-992A-C044F17AB83F}"
EndProject
Project("{2150E333-8FDC-42A3-9474-1A3956D46DE8}") = "FTGO.OrderService", "FTGO.OrderService", "{EE081B8B-FC78-4BC4-8FF8-55F5058EB69E}"
EndProject
Project("{2150E333-8FDC-42A3-9474-1A3956D46DE8}") = "FTGO.OrderServiceTests", "FTGO.OrderServiceTests", "{6B24CC11-7DD8-453E-A61F-8DC27815B493}"
EndProject
Project("{FAE04EC0-301F-11D3-BF4B-00C04F79EFBC}") = "FTGO.OrderServiceTests", "FTGO.OrderServiceTests\FTGO.OrderServiceTests.csproj", "{28F83758-0EDD-4AD1-8385-4B1FD80C33AA}"
EndProject
Project("{FAE04EC0-301F-11D3-BF4B-00C04F79EFBC}") = "FTGO.OrderService.Infrastructure", "FTGO.OrderService.Infrastructure\FTGO.OrderService.Infrastructure.csproj", "{47DAFE3A-6962-439A-8BE5-0507D62119E0}"
EndProject
Project("{FAE04EC0-301F-11D3-BF4B-00C04F79EFBC}") = "FTGO.OrderService.Domain", "FTGO.OrderService.Domain\FTGO.OrderService.Domain.csproj", "{409B2E83-6096-429E-ACC5-ABFB9A2C1B28}"
EndProject
Project("{FAE04EC0-301F-11D3-BF4B-00C04F79EFBC}") = "FTGO.OrderService.Application", "FTGO.OrderService.Application\FTGO.OrderService.Application.csproj", "{7CC70481-3C6D-4C8D-A0D8-CA08B63CFB8E}"
EndProject
Project("{2150E333-8FDC-42A3-9474-1A3956D46DE8}") = "FTGO.UserService", "FTGO.UserService", "{E6C8B891-79BA-48A1-B011-8C496DD410E2}"
EndProject
Project("{FAE04EC0-301F-11D3-BF4B-00C04F79EFBC}") = "FTGO.UserService.API", "FTGO.UserService.API\FTGO.UserService.API.csproj", "{03E3F62F-25BC-4627-85D6-23C7B1B7148E}"
EndProject
Project("{2150E333-8FDC-42A3-9474-1A3956D46DE8}") = "FTGO.UserServiceTests", "FTGO.UserServiceTests", "{A8353625-B03F-4446-8E72-E0294F38D43A}"
EndProject
Project("{FAE04EC0-301F-11D3-BF4B-00C04F79EFBC}") = "FTGO.UserService.Application", "FTGO.UserService.Application\FTGO.UserService.Application.csproj", "{2F7AC35A-C847-4929-A9D5-0347D4DD180D}"
EndProject
Project("{FAE04EC0-301F-11D3-BF4B-00C04F79EFBC}") = "FTGO.UserService.Infrastructure", "FTGO.UserService.Infrastructure\FTGO.UserService.Infrastructure.csproj", "{FC1C83CD-B22A-415C-9B04-D714863331F3}"
EndProject
Project("{FAE04EC0-301F-11D3-BF4B-00C04F79EFBC}") = "FTGO.UserService.Domain", "FTGO.UserService.Domain\FTGO.UserService.Domain.csproj", "{A2FA77B0-5887-4201-A8ED-F17B38DFE964}"
EndProject
Project("{2150E333-8FDC-42A3-9474-1A3956D46DE8}") = "shared", "shared", "{B66CB513-DB7A-43A4-AB05-E9DF51B4F241}"
EndProject
Project("{FAE04EC0-301F-11D3-BF4B-00C04F79EFBC}") = "SharedKernel", "SharedKernel\SharedKernel.csproj", "{F8673E72-B2A4-456C-91FC-6DBCCCBDFB9E}"
EndProject
Project("{FAE04EC0-301F-11D3-BF4B-00C04F79EFBC}") = "FTGO.UserServiceTests", "FTGO.UserServiceTests\FTGO.UserServiceTests.csproj", "{F510E259-3589-4DC6-9924-57F5484C342D}"
EndProject
Project("{2150E333-8FDC-42A3-9474-1A3956D46DE8}") = "FTGO.AnalyticService", "FTGO.AnalyticService", "{999449DD-C5FD-47C7-8463-CE5F10B8F896}"
EndProject
Project("{FAE04EC0-301F-11D3-BF4B-00C04F79EFBC}") = "FTGO.AnalyticalService.API", "FTGO.AnalyticalService.API\FTGO.AnalyticalService.API.csproj", "{4FC915A8-E320-4A09-B065-E4F62C7D59E5}"
EndProject
Project("{FAE04EC0-301F-11D3-BF4B-00C04F79EFBC}") = "FTGO.AnalyticalService.Infrastructure", "FTGO.AnalyticalService.Infrastructure\FTGO.AnalyticalService.Infrastructure.csproj", "{0C357D2B-9DD5-43C8-AE7D-35D25FFA6947}"
EndProject
Project("{FAE04EC0-301F-11D3-BF4B-00C04F79EFBC}") = "FTGO.AnalyticalService.Domain", "FTGO.AnalyticalService.Domain\FTGO.AnalyticalService.Domain.csproj", "{1DE6AE72-C1DF-4FCB-BF77-94C70339A3F1}"
EndProject
Project("{FAE04EC0-301F-11D3-BF4B-00C04F79EFBC}") = "FTGO.AnalyticalService.Application", "FTGO.AnalyticalService.Application\FTGO.AnalyticalService.Application.csproj", "{671BBE76-A568-4393-BF7B-87824478E6B0}"
EndProject
Project("{2150E333-8FDC-42A3-9474-1A3956D46DE8}") = "FTGO.AnalyticalServiceTests", "FTGO.AnalyticalServiceTests", "{28AFF13E-E2CB-4B6A-8C94-E80B939233BE}"
EndProject
Project("{2150E333-8FDC-42A3-9474-1A3956D46DE8}") = "Solution Items", "Solution Items", "{AEC5B798-08B4-43E0-96F8-42AD85735402}"
	ProjectSection(SolutionItems) = preProject
		docker-compose.yaml = docker-compose.yaml
	EndProjectSection
EndProject
Global
	GlobalSection(SolutionConfigurationPlatforms) = preSolution
		Debug|Any CPU = Debug|Any CPU
		Release|Any CPU = Release|Any CPU
	EndGlobalSection
	GlobalSection(ProjectConfigurationPlatforms) = postSolution
		{736E58FE-090B-406D-A343-7BA6F96DCA49}.Debug|Any CPU.ActiveCfg = Debug|Any CPU
		{736E58FE-090B-406D-A343-7BA6F96DCA49}.Debug|Any CPU.Build.0 = Debug|Any CPU
		{736E58FE-090B-406D-A343-7BA6F96DCA49}.Release|Any CPU.ActiveCfg = Release|Any CPU
		{736E58FE-090B-406D-A343-7BA6F96DCA49}.Release|Any CPU.Build.0 = Release|Any CPU
		{28F83758-0EDD-4AD1-8385-4B1FD80C33AA}.Debug|Any CPU.ActiveCfg = Debug|Any CPU
		{28F83758-0EDD-4AD1-8385-4B1FD80C33AA}.Debug|Any CPU.Build.0 = Debug|Any CPU
		{28F83758-0EDD-4AD1-8385-4B1FD80C33AA}.Release|Any CPU.ActiveCfg = Release|Any CPU
		{28F83758-0EDD-4AD1-8385-4B1FD80C33AA}.Release|Any CPU.Build.0 = Release|Any CPU
		{47DAFE3A-6962-439A-8BE5-0507D62119E0}.Debug|Any CPU.ActiveCfg = Debug|Any CPU
		{47DAFE3A-6962-439A-8BE5-0507D62119E0}.Debug|Any CPU.Build.0 = Debug|Any CPU
		{47DAFE3A-6962-439A-8BE5-0507D62119E0}.Release|Any CPU.ActiveCfg = Release|Any CPU
		{47DAFE3A-6962-439A-8BE5-0507D62119E0}.Release|Any CPU.Build.0 = Release|Any CPU
		{409B2E83-6096-429E-ACC5-ABFB9A2C1B28}.Debug|Any CPU.ActiveCfg = Debug|Any CPU
		{409B2E83-6096-429E-ACC5-ABFB9A2C1B28}.Debug|Any CPU.Build.0 = Debug|Any CPU
		{409B2E83-6096-429E-ACC5-ABFB9A2C1B28}.Release|Any CPU.ActiveCfg = Release|Any CPU
		{409B2E83-6096-429E-ACC5-ABFB9A2C1B28}.Release|Any CPU.Build.0 = Release|Any CPU
		{7CC70481-3C6D-4C8D-A0D8-CA08B63CFB8E}.Debug|Any CPU.ActiveCfg = Debug|Any CPU
		{7CC70481-3C6D-4C8D-A0D8-CA08B63CFB8E}.Debug|Any CPU.Build.0 = Debug|Any CPU
		{7CC70481-3C6D-4C8D-A0D8-CA08B63CFB8E}.Release|Any CPU.ActiveCfg = Release|Any CPU
		{7CC70481-3C6D-4C8D-A0D8-CA08B63CFB8E}.Release|Any CPU.Build.0 = Release|Any CPU
		{03E3F62F-25BC-4627-85D6-23C7B1B7148E}.Debug|Any CPU.ActiveCfg = Debug|Any CPU
		{03E3F62F-25BC-4627-85D6-23C7B1B7148E}.Debug|Any CPU.Build.0 = Debug|Any CPU
		{03E3F62F-25BC-4627-85D6-23C7B1B7148E}.Release|Any CPU.ActiveCfg = Release|Any CPU
		{03E3F62F-25BC-4627-85D6-23C7B1B7148E}.Release|Any CPU.Build.0 = Release|Any CPU
		{2F7AC35A-C847-4929-A9D5-0347D4DD180D}.Debug|Any CPU.ActiveCfg = Debug|Any CPU
		{2F7AC35A-C847-4929-A9D5-0347D4DD180D}.Debug|Any CPU.Build.0 = Debug|Any CPU
		{2F7AC35A-C847-4929-A9D5-0347D4DD180D}.Release|Any CPU.ActiveCfg = Release|Any CPU
		{2F7AC35A-C847-4929-A9D5-0347D4DD180D}.Release|Any CPU.Build.0 = Release|Any CPU
		{FC1C83CD-B22A-415C-9B04-D714863331F3}.Debug|Any CPU.ActiveCfg = Debug|Any CPU
		{FC1C83CD-B22A-415C-9B04-D714863331F3}.Debug|Any CPU.Build.0 = Debug|Any CPU
		{FC1C83CD-B22A-415C-9B04-D714863331F3}.Release|Any CPU.ActiveCfg = Release|Any CPU
		{FC1C83CD-B22A-415C-9B04-D714863331F3}.Release|Any CPU.Build.0 = Release|Any CPU
		{A2FA77B0-5887-4201-A8ED-F17B38DFE964}.Debug|Any CPU.ActiveCfg = Debug|Any CPU
		{A2FA77B0-5887-4201-A8ED-F17B38DFE964}.Debug|Any CPU.Build.0 = Debug|Any CPU
		{A2FA77B0-5887-4201-A8ED-F17B38DFE964}.Release|Any CPU.ActiveCfg = Release|Any CPU
		{A2FA77B0-5887-4201-A8ED-F17B38DFE964}.Release|Any CPU.Build.0 = Release|Any CPU
		{F8673E72-B2A4-456C-91FC-6DBCCCBDFB9E}.Debug|Any CPU.ActiveCfg = Debug|Any CPU
		{F8673E72-B2A4-456C-91FC-6DBCCCBDFB9E}.Debug|Any CPU.Build.0 = Debug|Any CPU
		{F8673E72-B2A4-456C-91FC-6DBCCCBDFB9E}.Release|Any CPU.ActiveCfg = Release|Any CPU
		{F8673E72-B2A4-456C-91FC-6DBCCCBDFB9E}.Release|Any CPU.Build.0 = Release|Any CPU
		{F510E259-3589-4DC6-9924-57F5484C342D}.Debug|Any CPU.ActiveCfg = Debug|Any CPU
		{F510E259-3589-4DC6-9924-57F5484C342D}.Debug|Any CPU.Build.0 = Debug|Any CPU
		{F510E259-3589-4DC6-9924-57F5484C342D}.Release|Any CPU.ActiveCfg = Release|Any CPU
		{F510E259-3589-4DC6-9924-57F5484C342D}.Release|Any CPU.Build.0 = Release|Any CPU
		{4FC915A8-E320-4A09-B065-E4F62C7D59E5}.Debug|Any CPU.ActiveCfg = Debug|Any CPU
		{4FC915A8-E320-4A09-B065-E4F62C7D59E5}.Debug|Any CPU.Build.0 = Debug|Any CPU
		{4FC915A8-E320-4A09-B065-E4F62C7D59E5}.Release|Any CPU.ActiveCfg = Release|Any CPU
		{4FC915A8-E320-4A09-B065-E4F62C7D59E5}.Release|Any CPU.Build.0 = Release|Any CPU
		{0C357D2B-9DD5-43C8-AE7D-35D25FFA6947}.Debug|Any CPU.ActiveCfg = Debug|Any CPU
		{0C357D2B-9DD5-43C8-AE7D-35D25FFA6947}.Debug|Any CPU.Build.0 = Debug|Any CPU
		{0C357D2B-9DD5-43C8-AE7D-35D25FFA6947}.Release|Any CPU.ActiveCfg = Release|Any CPU
		{0C357D2B-9DD5-43C8-AE7D-35D25FFA6947}.Release|Any CPU.Build.0 = Release|Any CPU
		{1DE6AE72-C1DF-4FCB-BF77-94C70339A3F1}.Debug|Any CPU.ActiveCfg = Debug|Any CPU
		{1DE6AE72-C1DF-4FCB-BF77-94C70339A3F1}.Debug|Any CPU.Build.0 = Debug|Any CPU
		{1DE6AE72-C1DF-4FCB-BF77-94C70339A3F1}.Release|Any CPU.ActiveCfg = Release|Any CPU
		{1DE6AE72-C1DF-4FCB-BF77-94C70339A3F1}.Release|Any CPU.Build.0 = Release|Any CPU
		{671BBE76-A568-4393-BF7B-87824478E6B0}.Debug|Any CPU.ActiveCfg = Debug|Any CPU
		{671BBE76-A568-4393-BF7B-87824478E6B0}.Debug|Any CPU.Build.0 = Debug|Any CPU
		{671BBE76-A568-4393-BF7B-87824478E6B0}.Release|Any CPU.ActiveCfg = Release|Any CPU
		{671BBE76-A568-4393-BF7B-87824478E6B0}.Release|Any CPU.Build.0 = Release|Any CPU
	EndGlobalSection
	GlobalSection(NestedProjects) = preSolution
		{EE081B8B-FC78-4BC4-8FF8-55F5058EB69E} = {0610A352-D40A-4EE3-ABE6-7E4FBD2788AB}
		{736E58FE-090B-406D-A343-7BA6F96DCA49} = {EE081B8B-FC78-4BC4-8FF8-55F5058EB69E}
		{6B24CC11-7DD8-453E-A61F-8DC27815B493} = {92796556-E35A-4CCE-992A-C044F17AB83F}
		{28F83758-0EDD-4AD1-8385-4B1FD80C33AA} = {6B24CC11-7DD8-453E-A61F-8DC27815B493}
		{47DAFE3A-6962-439A-8BE5-0507D62119E0} = {EE081B8B-FC78-4BC4-8FF8-55F5058EB69E}
		{409B2E83-6096-429E-ACC5-ABFB9A2C1B28} = {EE081B8B-FC78-4BC4-8FF8-55F5058EB69E}
		{7CC70481-3C6D-4C8D-A0D8-CA08B63CFB8E} = {EE081B8B-FC78-4BC4-8FF8-55F5058EB69E}
		{E6C8B891-79BA-48A1-B011-8C496DD410E2} = {0610A352-D40A-4EE3-ABE6-7E4FBD2788AB}
		{03E3F62F-25BC-4627-85D6-23C7B1B7148E} = {E6C8B891-79BA-48A1-B011-8C496DD410E2}
		{A8353625-B03F-4446-8E72-E0294F38D43A} = {92796556-E35A-4CCE-992A-C044F17AB83F}
		{2F7AC35A-C847-4929-A9D5-0347D4DD180D} = {E6C8B891-79BA-48A1-B011-8C496DD410E2}
		{FC1C83CD-B22A-415C-9B04-D714863331F3} = {E6C8B891-79BA-48A1-B011-8C496DD410E2}
		{A2FA77B0-5887-4201-A8ED-F17B38DFE964} = {E6C8B891-79BA-48A1-B011-8C496DD410E2}
		{F8673E72-B2A4-456C-91FC-6DBCCCBDFB9E} = {B66CB513-DB7A-43A4-AB05-E9DF51B4F241}
		{F510E259-3589-4DC6-9924-57F5484C342D} = {A8353625-B03F-4446-8E72-E0294F38D43A}
		{999449DD-C5FD-47C7-8463-CE5F10B8F896} = {0610A352-D40A-4EE3-ABE6-7E4FBD2788AB}
		{4FC915A8-E320-4A09-B065-E4F62C7D59E5} = {999449DD-C5FD-47C7-8463-CE5F10B8F896}
		{0C357D2B-9DD5-43C8-AE7D-35D25FFA6947} = {999449DD-C5FD-47C7-8463-CE5F10B8F896}
		{1DE6AE72-C1DF-4FCB-BF77-94C70339A3F1} = {999449DD-C5FD-47C7-8463-CE5F10B8F896}
		{671BBE76-A568-4393-BF7B-87824478E6B0} = {999449DD-C5FD-47C7-8463-CE5F10B8F896}
		{28AFF13E-E2CB-4B6A-8C94-E80B939233BE} = {92796556-E35A-4CCE-992A-C044F17AB83F}
	EndGlobalSection
EndGlobal
